{
    "symfony/asset": {
        "version": "v4.1.1"
    },
    "symfony/cache": {
        "version": "v4.1.1"
    },
    "symfony/config": {
        "version": "v4.1.1"
    },
    "symfony/console": {
        "version": "3.3",
        "recipe": {
            "repo": "github.com/symfony/recipes",
            "branch": "master",
            "version": "3.3",
            "ref": "e3868d2f4a5104f19f844fe551099a00c6562527"
        }
    },
    "symfony/debug": {
        "version": "v4.1.1"
    },
    "symfony/dependency-injection": {
        "version": "v4.1.1"
    },
    "symfony/doctrine-bridge": {
        "version": "v4.1.1"
    },
    "symfony/event-dispatcher": {
        "version": "v4.1.1"
    },
    "symfony/expression-language": {
        "version": "v4.1.1"
    },
    "symfony/filesystem": {
        "version": "v4.1.1"
    },
    "symfony/finder": {
        "version": "v4.1.1"
    },
    "symfony/flex": {
        "version": "1.0",
        "recipe": {
            "repo": "github.com/symfony/recipes",
            "branch": "master",
            "version": "1.0",
            "ref": "e921bdbfe20cdefa3b82f379d1cd36df1bc8d115"
        }
    },
    "symfony/form": {
        "version": "v4.1.1"
    },
    "symfony/framework-bundle": {
        "version": "3.3",
        "recipe": {
            "repo": "github.com/symfony/recipes",
            "branch": "master",
            "version": "3.3",
            "ref": "87c585d24de9f43bca80ebcfd5cf5cb39445d95f"
        }
    },
    "symfony/http-foundation": {
        "version": "v4.1.1"
    },
    "symfony/http-kernel": {
        "version": "v4.1.1"
    },
    "symfony/inflector": {
        "version": "v4.1.1"
    },
    "symfony/intl": {
        "version": "v4.1.1"
    },
    "symfony/monolog-bridge": {
        "version": "v4.1.1"
    },
    "symfony/options-resolver": {
        "version": "v4.1.1"
    },
    "symfony/process": {
        "version": "v4.1.1"
    },
    "symfony/property-access": {
        "version": "v4.1.1"
    },
    "symfony/routing": {
        "version": "4.0",
        "recipe": {
            "repo": "github.com/symfony/recipes",
            "branch": "master",
            "version": "4.0",
            "ref": "cda8b550123383d25827705d05a42acf6819fe4e"
        }
    },
    "symfony/security": {
        "version": "v4.1.1"
    },
    "symfony/security-bundle": {
        "version": "3.3",
        "recipe": {
            "repo": "github.com/symfony/recipes",
            "branch": "master",
            "version": "3.3",
            "ref": "f8a63faa0d9521526499c0a8f403c9964ecb0527"
        }
    },
    "symfony/serializer": {
        "version": "v4.1.1"
    },
    "symfony/stopwatch": {
        "version": "v4.1.1"
    },
    "symfony/templating": {
        "version": "v4.1.1"
    },
    "symfony/translation": {
        "version": "3.3",
        "recipe": {
            "repo": "github.com/symfony/recipes",
            "branch": "master",
            "version": "3.3",
            "ref": "6bcd6c570c017ea6ae5a7a6a027c929fd3542cd8"
        }
    },
    "symfony/twig-bridge": {
        "version": "v4.1.1"
    },
    "symfony/twig-bundle": {
        "version": "3.3",
        "recipe": {
            "repo": "github.com/symfony/recipes",
            "branch": "master",
            "version": "3.3",
            "ref": "f75ac166398e107796ca94cc57fa1edaa06ec47f"
        }
    },
    "symfony/validator": {
        "version": "v4.1.1"
    },
    "symfony/yaml": {
        "version": "v4.1.1"
    }
}
